
Microsoft Visual Studio Solution File, Format Version 12.00
# Visual Studio Version 17
VisualStudioVersion = 17.8.34408.163
MinimumVisualStudioVersion = 10.0.40219.1
Project("{9A19103F-16F7-4668-BE54-9A1E7A4F7556}") = "CodingProblems", "CodingProblems.csproj", "{84C6B2AA-06F2-4CA4-B31C-2A68969B000E}"
EndProject
Global
	GlobalSection(SolutionConfigurationPlatforms) = preSolution
		Debug|Any CPU = Debug|Any CPU
		Release|Any CPU = Release|Any CPU
	EndGlobalSection
	GlobalSection(ProjectConfigurationPlatforms) = postSolution
		{84C6B2AA-06F2-4CA4-B31C-2A68969B000E}.Debug|Any CPU.ActiveCfg = Debug|Any CPU
		{84C6B2AA-06F2-4CA4-B31C-2A68969B000E}.Debug|Any CPU.Build.0 = Debug|Any CPU
		{84C6B2AA-06F2-4CA4-B31C-2A68969B000E}.Release|Any CPU.ActiveCfg = Release|Any CPU
		{84C6B2AA-06F2-4CA4-B31C-2A68969B000E}.Release|Any CPU.Build.0 = Release|Any CPU
	EndGlobalSection
	GlobalSection(SolutionProperties) = preSolution
		HideSolutionNode = FALSE
	EndGlobalSection
	GlobalSection(ExtensibilityGlobals) = postSolution
		SolutionGuid = {1802ABB9-92CA-4CB1-B43D-966682BB9812}
	EndGlobalSection
EndGlobal
